
Microsoft Visual Studio Solution File, Format Version 12.00
# Visual Studio Version 17
VisualStudioVersion = 17.0.31903.59
MinimumVisualStudioVersion = 10.0.40219.1
Project("{2150E333-8FDC-42A3-9474-1A3956D46DE8}") = "src", "src", "{CFA962B1-5E4F-4394-BDE4-598CC506C969}"
EndProject
Project("{FAE04EC0-301F-11D3-BF4B-00C04F79EFBC}") = "Domain", "src\Domain\Domain.csproj", "{1D5F7359-B3BD-4630-A9DF-E2A10E172DE5}"
EndProject
Project("{FAE04EC0-301F-11D3-BF4B-00C04F79EFBC}") = "Application", "src\Application\Application.csproj", "{DC2482FC-5A0C-46C2-9A44-02CBCFEF5B7F}"
EndProject
Project("{FAE04EC0-301F-11D3-BF4B-00C04F79EFBC}") = "Infrastructure", "src\Infrastructure\Infrastructure.csproj", "{AF6FB4EE-360E-4EF8-BC78-B45798DC898F}"
EndProject
Project("{FAE04EC0-301F-11D3-BF4B-00C04F79EFBC}") = "Presentation", "src\Presentation\Presentation.csproj", "{C71DDBBE-2A28-46EA-9B65-F68169425254}"
EndProject
Global
	GlobalSection(SolutionConfigurationPlatforms) = preSolution
		Debug|Any CPU = Debug|Any CPU
		Release|Any CPU = Release|Any CPU
	EndGlobalSection
	GlobalSection(SolutionProperties) = preSolution
		HideSolutionNode = FALSE
	EndGlobalSection
	GlobalSection(ProjectConfigurationPlatforms) = postSolution
		{1D5F7359-B3BD-4630-A9DF-E2A10E172DE5}.Debug|Any CPU.ActiveCfg = Debug|Any CPU
		{1D5F7359-B3BD-4630-A9DF-E2A10E172DE5}.Debug|Any CPU.Build.0 = Debug|Any CPU
		{1D5F7359-B3BD-4630-A9DF-E2A10E172DE5}.Release|Any CPU.ActiveCfg = Release|Any CPU
		{1D5F7359-B3BD-4630-A9DF-E2A10E172DE5}.Release|Any CPU.Build.0 = Release|Any CPU
		{DC2482FC-5A0C-46C2-9A44-02CBCFEF5B7F}.Debug|Any CPU.ActiveCfg = Debug|Any CPU
		{DC2482FC-5A0C-46C2-9A44-02CBCFEF5B7F}.Debug|Any CPU.Build.0 = Debug|Any CPU
		{DC2482FC-5A0C-46C2-9A44-02CBCFEF5B7F}.Release|Any CPU.ActiveCfg = Release|Any CPU
		{DC2482FC-5A0C-46C2-9A44-02CBCFEF5B7F}.Release|Any CPU.Build.0 = Release|Any CPU
		{AF6FB4EE-360E-4EF8-BC78-B45798DC898F}.Debug|Any CPU.ActiveCfg = Debug|Any CPU
		{AF6FB4EE-360E-4EF8-BC78-B45798DC898F}.Debug|Any CPU.Build.0 = Debug|Any CPU
		{AF6FB4EE-360E-4EF8-BC78-B45798DC898F}.Release|Any CPU.ActiveCfg = Release|Any CPU
		{AF6FB4EE-360E-4EF8-BC78-B45798DC898F}.Release|Any CPU.Build.0 = Release|Any CPU
		{C71DDBBE-2A28-46EA-9B65-F68169425254}.Debug|Any CPU.ActiveCfg = Debug|Any CPU
		{C71DDBBE-2A28-46EA-9B65-F68169425254}.Debug|Any CPU.Build.0 = Debug|Any CPU
		{C71DDBBE-2A28-46EA-9B65-F68169425254}.Release|Any CPU.ActiveCfg = Release|Any CPU
		{C71DDBBE-2A28-46EA-9B65-F68169425254}.Release|Any CPU.Build.0 = Release|Any CPU
	EndGlobalSection
	GlobalSection(NestedProjects) = preSolution
		{1D5F7359-B3BD-4630-A9DF-E2A10E172DE5} = {CFA962B1-5E4F-4394-BDE4-598CC506C969}
		{DC2482FC-5A0C-46C2-9A44-02CBCFEF5B7F} = {CFA962B1-5E4F-4394-BDE4-598CC506C969}
		{AF6FB4EE-360E-4EF8-BC78-B45798DC898F} = {CFA962B1-5E4F-4394-BDE4-598CC506C969}
		{C71DDBBE-2A28-46EA-9B65-F68169425254} = {CFA962B1-5E4F-4394-BDE4-598CC506C969}
	EndGlobalSection
EndGlobal
